
Microsoft Visual Studio Solution File, Format Version 12.00
# Visual Studio Version 16
VisualStudioVersion = 16.0.28803.352
MinimumVisualStudioVersion = 10.0.40219.1
Project("{FAE04EC0-301F-11D3-BF4B-00C04F79EFBC}") = "Application", "ISPitanie\Application.csproj", "{65ECC281-6BB5-40F4-B5E5-E036DAAF365C}"
EndProject
Project("{FAE04EC0-301F-11D3-BF4B-00C04F79EFBC}") = "DAL", "DAL\DAL.csproj", "{378E1ACA-DF97-4E8F-BF20-C643687200BF}"
EndProject
Project("{FAE04EC0-301F-11D3-BF4B-00C04F79EFBC}") = "BLL", "BLL\BLL.csproj", "{5BD74197-E0FA-4CBE-901C-9E25F3070283}"
EndProject
Global
	GlobalSection(SolutionConfigurationPlatforms) = preSolution
		Debug|Any CPU = Debug|Any CPU
		Release|Any CPU = Release|Any CPU
	EndGlobalSection
	GlobalSection(ProjectConfigurationPlatforms) = postSolution
		{65ECC281-6BB5-40F4-B5E5-E036DAAF365C}.Debug|Any CPU.ActiveCfg = Debug|Any CPU
		{65ECC281-6BB5-40F4-B5E5-E036DAAF365C}.Debug|Any CPU.Build.0 = Debug|Any CPU
		{65ECC281-6BB5-40F4-B5E5-E036DAAF365C}.Release|Any CPU.ActiveCfg = Release|Any CPU
		{65ECC281-6BB5-40F4-B5E5-E036DAAF365C}.Release|Any CPU.Build.0 = Release|Any CPU
		{378E1ACA-DF97-4E8F-BF20-C643687200BF}.Debug|Any CPU.ActiveCfg = Debug|Any CPU
		{378E1ACA-DF97-4E8F-BF20-C643687200BF}.Debug|Any CPU.Build.0 = Debug|Any CPU
		{378E1ACA-DF97-4E8F-BF20-C643687200BF}.Release|Any CPU.ActiveCfg = Release|Any CPU
		{378E1ACA-DF97-4E8F-BF20-C643687200BF}.Release|Any CPU.Build.0 = Release|Any CPU
		{5BD74197-E0FA-4CBE-901C-9E25F3070283}.Debug|Any CPU.ActiveCfg = Debug|Any CPU
		{5BD74197-E0FA-4CBE-901C-9E25F3070283}.Debug|Any CPU.Build.0 = Debug|Any CPU
		{5BD74197-E0FA-4CBE-901C-9E25F3070283}.Release|Any CPU.ActiveCfg = Release|Any CPU
		{5BD74197-E0FA-4CBE-901C-9E25F3070283}.Release|Any CPU.Build.0 = Release|Any CPU
	EndGlobalSection
	GlobalSection(SolutionProperties) = preSolution
		HideSolutionNode = FALSE
	EndGlobalSection
	GlobalSection(ExtensibilityGlobals) = postSolution
		SolutionGuid = {7BEA167E-CB97-46D9-A60B-04CC4B8D9B4E}
	EndGlobalSection
EndGlobal
